
Microsoft Visual Studio Solution File, Format Version 12.00
# Visual Studio Version 17
VisualStudioVersion = 17.3.32721.290
MinimumVisualStudioVersion = 10.0.40219.1
Project("{FAE04EC0-301F-11D3-BF4B-00C04F79EFBC}") = "GitHubIDE-RiderMelonLight-VSTheme", "GitHubIDE-RiderMelonLight-VSTheme\GitHubIDE-RiderMelonLight-VSTheme.csproj", "{05BBD80C-2A69-4916-8041-993887724B2A}"
EndProject
Project("{FAE04EC0-301F-11D3-BF4B-00C04F79EFBC}") = "GitHubIDE-ColorfulWhite-VSTheme", "GitHubIDE-ColorfulWhite-VSTheme\GitHubIDE-ColorfulWhite-VSTheme.csproj", "{6EB823AF-76BF-46CC-B765-16E855D53EA8}"
EndProject
Global
	GlobalSection(SolutionConfigurationPlatforms) = preSolution
		Debug|Any CPU = Debug|Any CPU
		Debug|x86 = Debug|x86
		Release|Any CPU = Release|Any CPU
		Release|x86 = Release|x86
	EndGlobalSection
	GlobalSection(ProjectConfigurationPlatforms) = postSolution
		{05BBD80C-2A69-4916-8041-993887724B2A}.Debug|Any CPU.ActiveCfg = Debug|Any CPU
		{05BBD80C-2A69-4916-8041-993887724B2A}.Debug|Any CPU.Build.0 = Debug|Any CPU
		{05BBD80C-2A69-4916-8041-993887724B2A}.Debug|x86.ActiveCfg = Debug|x86
		{05BBD80C-2A69-4916-8041-993887724B2A}.Debug|x86.Build.0 = Debug|x86
		{05BBD80C-2A69-4916-8041-993887724B2A}.Release|Any CPU.ActiveCfg = Release|Any CPU
		{05BBD80C-2A69-4916-8041-993887724B2A}.Release|Any CPU.Build.0 = Release|Any CPU
		{05BBD80C-2A69-4916-8041-993887724B2A}.Release|x86.ActiveCfg = Release|x86
		{05BBD80C-2A69-4916-8041-993887724B2A}.Release|x86.Build.0 = Release|x86
		{6EB823AF-76BF-46CC-B765-16E855D53EA8}.Debug|Any CPU.ActiveCfg = Debug|Any CPU
		{6EB823AF-76BF-46CC-B765-16E855D53EA8}.Debug|Any CPU.Build.0 = Debug|Any CPU
		{6EB823AF-76BF-46CC-B765-16E855D53EA8}.Debug|x86.ActiveCfg = Debug|x86
		{6EB823AF-76BF-46CC-B765-16E855D53EA8}.Debug|x86.Build.0 = Debug|x86
		{6EB823AF-76BF-46CC-B765-16E855D53EA8}.Release|Any CPU.ActiveCfg = Release|Any CPU
		{6EB823AF-76BF-46CC-B765-16E855D53EA8}.Release|Any CPU.Build.0 = Release|Any CPU
		{6EB823AF-76BF-46CC-B765-16E855D53EA8}.Release|x86.ActiveCfg = Release|x86
		{6EB823AF-76BF-46CC-B765-16E855D53EA8}.Release|x86.Build.0 = Release|x86
	EndGlobalSection
	GlobalSection(SolutionProperties) = preSolution
		HideSolutionNode = FALSE
	EndGlobalSection
	GlobalSection(ExtensibilityGlobals) = postSolution
		SolutionGuid = {1323F2F3-5EB3-46F2-A0AE-4409F07CB941}
	EndGlobalSection
EndGlobal
