
Microsoft Visual Studio Solution File, Format Version 12.00
# Visual Studio Version 17
VisualStudioVersion = 17.3.32721.290
MinimumVisualStudioVersion = 10.0.40219.1
Project("{FAE04EC0-301F-11D3-BF4B-00C04F79EFBC}") = "GitHubIDE-ColorfulWhite-VSTheme", "GitHubIDE-ColorfulWhite-VSTheme\GitHubIDE-ColorfulWhite-VSTheme.csproj", "{6EB823AF-76BF-46CC-B765-16E855D53EA8}"
EndProject
Project("{FAE04EC0-301F-11D3-BF4B-00C04F79EFBC}") = "RiderDarkerVSTheme", "RiderDarkerVSTheme\RiderDarkerVSTheme.csproj", "{108D0DB6-471E-4ABF-A356-79C7ACC2A5BB}"
EndProject
Project("{FAE04EC0-301F-11D3-BF4B-00C04F79EFBC}") = "JetBrainsRiderDarkTheme", "JetBrainsRiderTheme\JetBrainsRiderDarkTheme.csproj", "{6F32E74E-403F-488B-9C9F-87C50F8CB62F}"
EndProject
Project("{FAE04EC0-301F-11D3-BF4B-00C04F79EFBC}") = "GitHubIDE-RiderMelonLight", "GitHubIDE-RiderMelonLight\GitHubIDE-RiderMelonLight.csproj", "{9814E1F8-C8C5-4DA6-AB18-D617E2F501CB}"
EndProject
Global
	GlobalSection(SolutionConfigurationPlatforms) = preSolution
		Debug|Any CPU = Debug|Any CPU
		Debug|arm64 = Debug|arm64
		Debug|x86 = Debug|x86
		Release|Any CPU = Release|Any CPU
		Release|arm64 = Release|arm64
		Release|x86 = Release|x86
	EndGlobalSection
	GlobalSection(ProjectConfigurationPlatforms) = postSolution
		{6EB823AF-76BF-46CC-B765-16E855D53EA8}.Debug|Any CPU.ActiveCfg = Debug|Any CPU
		{6EB823AF-76BF-46CC-B765-16E855D53EA8}.Debug|Any CPU.Build.0 = Debug|Any CPU
		{6EB823AF-76BF-46CC-B765-16E855D53EA8}.Debug|arm64.ActiveCfg = Debug|arm64
		{6EB823AF-76BF-46CC-B765-16E855D53EA8}.Debug|arm64.Build.0 = Debug|arm64
		{6EB823AF-76BF-46CC-B765-16E855D53EA8}.Debug|x86.ActiveCfg = Debug|x86
		{6EB823AF-76BF-46CC-B765-16E855D53EA8}.Debug|x86.Build.0 = Debug|x86
		{6EB823AF-76BF-46CC-B765-16E855D53EA8}.Release|Any CPU.ActiveCfg = Release|Any CPU
		{6EB823AF-76BF-46CC-B765-16E855D53EA8}.Release|Any CPU.Build.0 = Release|Any CPU
		{6EB823AF-76BF-46CC-B765-16E855D53EA8}.Release|arm64.ActiveCfg = Release|arm64
		{6EB823AF-76BF-46CC-B765-16E855D53EA8}.Release|arm64.Build.0 = Release|arm64
		{6EB823AF-76BF-46CC-B765-16E855D53EA8}.Release|x86.ActiveCfg = Release|x86
		{6EB823AF-76BF-46CC-B765-16E855D53EA8}.Release|x86.Build.0 = Release|x86
		{108D0DB6-471E-4ABF-A356-79C7ACC2A5BB}.Debug|Any CPU.ActiveCfg = Debug|Any CPU
		{108D0DB6-471E-4ABF-A356-79C7ACC2A5BB}.Debug|Any CPU.Build.0 = Debug|Any CPU
		{108D0DB6-471E-4ABF-A356-79C7ACC2A5BB}.Debug|arm64.ActiveCfg = Debug|arm64
		{108D0DB6-471E-4ABF-A356-79C7ACC2A5BB}.Debug|arm64.Build.0 = Debug|arm64
		{108D0DB6-471E-4ABF-A356-79C7ACC2A5BB}.Debug|x86.ActiveCfg = Debug|x86
		{108D0DB6-471E-4ABF-A356-79C7ACC2A5BB}.Debug|x86.Build.0 = Debug|x86
		{108D0DB6-471E-4ABF-A356-79C7ACC2A5BB}.Release|Any CPU.ActiveCfg = Release|Any CPU
		{108D0DB6-471E-4ABF-A356-79C7ACC2A5BB}.Release|Any CPU.Build.0 = Release|Any CPU
		{108D0DB6-471E-4ABF-A356-79C7ACC2A5BB}.Release|arm64.ActiveCfg = Release|arm64
		{108D0DB6-471E-4ABF-A356-79C7ACC2A5BB}.Release|arm64.Build.0 = Release|arm64
		{108D0DB6-471E-4ABF-A356-79C7ACC2A5BB}.Release|x86.ActiveCfg = Release|x86
		{108D0DB6-471E-4ABF-A356-79C7ACC2A5BB}.Release|x86.Build.0 = Release|x86
		{6F32E74E-403F-488B-9C9F-87C50F8CB62F}.Debug|Any CPU.ActiveCfg = Debug|Any CPU
		{6F32E74E-403F-488B-9C9F-87C50F8CB62F}.Debug|Any CPU.Build.0 = Debug|Any CPU
		{6F32E74E-403F-488B-9C9F-87C50F8CB62F}.Debug|arm64.ActiveCfg = Debug|arm64
		{6F32E74E-403F-488B-9C9F-87C50F8CB62F}.Debug|arm64.Build.0 = Debug|arm64
		{6F32E74E-403F-488B-9C9F-87C50F8CB62F}.Debug|x86.ActiveCfg = Debug|x86
		{6F32E74E-403F-488B-9C9F-87C50F8CB62F}.Debug|x86.Build.0 = Debug|x86
		{6F32E74E-403F-488B-9C9F-87C50F8CB62F}.Release|Any CPU.ActiveCfg = Release|Any CPU
		{6F32E74E-403F-488B-9C9F-87C50F8CB62F}.Release|Any CPU.Build.0 = Release|Any CPU
		{6F32E74E-403F-488B-9C9F-87C50F8CB62F}.Release|arm64.ActiveCfg = Release|arm64
		{6F32E74E-403F-488B-9C9F-87C50F8CB62F}.Release|arm64.Build.0 = Release|arm64
		{6F32E74E-403F-488B-9C9F-87C50F8CB62F}.Release|x86.ActiveCfg = Release|x86
		{6F32E74E-403F-488B-9C9F-87C50F8CB62F}.Release|x86.Build.0 = Release|x86
		{9814E1F8-C8C5-4DA6-AB18-D617E2F501CB}.Debug|Any CPU.ActiveCfg = Debug|Any CPU
		{9814E1F8-C8C5-4DA6-AB18-D617E2F501CB}.Debug|Any CPU.Build.0 = Debug|Any CPU
		{9814E1F8-C8C5-4DA6-AB18-D617E2F501CB}.Debug|arm64.ActiveCfg = Debug|arm64
		{9814E1F8-C8C5-4DA6-AB18-D617E2F501CB}.Debug|arm64.Build.0 = Debug|arm64
		{9814E1F8-C8C5-4DA6-AB18-D617E2F501CB}.Debug|x86.ActiveCfg = Debug|x86
		{9814E1F8-C8C5-4DA6-AB18-D617E2F501CB}.Debug|x86.Build.0 = Debug|x86
		{9814E1F8-C8C5-4DA6-AB18-D617E2F501CB}.Release|Any CPU.ActiveCfg = Release|Any CPU
		{9814E1F8-C8C5-4DA6-AB18-D617E2F501CB}.Release|Any CPU.Build.0 = Release|Any CPU
		{9814E1F8-C8C5-4DA6-AB18-D617E2F501CB}.Release|arm64.ActiveCfg = Release|arm64
		{9814E1F8-C8C5-4DA6-AB18-D617E2F501CB}.Release|arm64.Build.0 = Release|arm64
		{9814E1F8-C8C5-4DA6-AB18-D617E2F501CB}.Release|x86.ActiveCfg = Release|x86
		{9814E1F8-C8C5-4DA6-AB18-D617E2F501CB}.Release|x86.Build.0 = Release|x86
	EndGlobalSection
	GlobalSection(SolutionProperties) = preSolution
		HideSolutionNode = FALSE
	EndGlobalSection
	GlobalSection(ExtensibilityGlobals) = postSolution
		SolutionGuid = {1323F2F3-5EB3-46F2-A0AE-4409F07CB941}
	EndGlobalSection
EndGlobal
